
Microsoft Visual Studio Solution File, Format Version 12.00
# Visual Studio Version 17
VisualStudioVersion = 17.5.33424.131
MinimumVisualStudioVersion = 10.0.40219.1
Project("{9A19103F-16F7-4668-BE54-9A1E7A4F7556}") = "pxtools", "pxtools.csproj", "{0DC5116A-DDD9-459B-AC8E-0203F1279C96}"
EndProject
Global
	GlobalSection(SolutionConfigurationPlatforms) = preSolution
		Debug|Any CPU = Debug|Any CPU
		Release|Any CPU = Release|Any CPU
	EndGlobalSection
	GlobalSection(ProjectConfigurationPlatforms) = postSolution
		{0DC5116A-DDD9-459B-AC8E-0203F1279C96}.Debug|Any CPU.ActiveCfg = Debug|Any CPU
		{0DC5116A-DDD9-459B-AC8E-0203F1279C96}.Debug|Any CPU.Build.0 = Debug|Any CPU
		{0DC5116A-DDD9-459B-AC8E-0203F1279C96}.Release|Any CPU.ActiveCfg = Release|Any CPU
		{0DC5116A-DDD9-459B-AC8E-0203F1279C96}.Release|Any CPU.Build.0 = Release|Any CPU
	EndGlobalSection
	GlobalSection(SolutionProperties) = preSolution
		HideSolutionNode = FALSE
	EndGlobalSection
	GlobalSection(ExtensibilityGlobals) = postSolution
		SolutionGuid = {06028FC9-3866-4D73-9AA5-65415344FC01}
	EndGlobalSection
EndGlobal
